
Microsoft Visual Studio Solution File, Format Version 12.00
# Visual Studio Version 16
VisualStudioVersion = 16.0.31424.327
MinimumVisualStudioVersion = 10.0.40219.1
Project("{FAE04EC0-301F-11D3-BF4B-00C04F79EFBC}") = "console_programlama", "console_programlama\console_programlama.csproj", "{8898EA10-492C-45D4-B177-D643F08BD12E}"
EndProject
Project("{FAE04EC0-301F-11D3-BF4B-00C04F79EFBC}") = "degiskenler", "degiskenler\degiskenler.csproj", "{8C4D181A-84C2-434E-9573-BAB56AAC7091}"
EndProject
Global
	GlobalSection(SolutionConfigurationPlatforms) = preSolution
		Debug|Any CPU = Debug|Any CPU
		Release|Any CPU = Release|Any CPU
	EndGlobalSection
	GlobalSection(ProjectConfigurationPlatforms) = postSolution
		{8898EA10-492C-45D4-B177-D643F08BD12E}.Debug|Any CPU.ActiveCfg = Debug|Any CPU
		{8898EA10-492C-45D4-B177-D643F08BD12E}.Debug|Any CPU.Build.0 = Debug|Any CPU
		{8898EA10-492C-45D4-B177-D643F08BD12E}.Release|Any CPU.ActiveCfg = Release|Any CPU
		{8898EA10-492C-45D4-B177-D643F08BD12E}.Release|Any CPU.Build.0 = Release|Any CPU
		{8C4D181A-84C2-434E-9573-BAB56AAC7091}.Debug|Any CPU.ActiveCfg = Debug|Any CPU
		{8C4D181A-84C2-434E-9573-BAB56AAC7091}.Debug|Any CPU.Build.0 = Debug|Any CPU
		{8C4D181A-84C2-434E-9573-BAB56AAC7091}.Release|Any CPU.ActiveCfg = Release|Any CPU
		{8C4D181A-84C2-434E-9573-BAB56AAC7091}.Release|Any CPU.Build.0 = Release|Any CPU
	EndGlobalSection
	GlobalSection(SolutionProperties) = preSolution
		HideSolutionNode = FALSE
	EndGlobalSection
	GlobalSection(ExtensibilityGlobals) = postSolution
		SolutionGuid = {ACB68D5B-8985-43F4-A0CA-F663C96129EA}
	EndGlobalSection
EndGlobal
